
Microsoft Visual Studio Solution File, Format Version 12.00
# Visual Studio Version 16
VisualStudioVersion = 16.0.30128.74
MinimumVisualStudioVersion = 10.0.40219.1
Project("{2150E333-8FDC-42A3-9474-1A3956D46DE8}") = "Microservices", "Microservices", "{8CCFC02F-3A11-433E-BD21-C553C196E1BF}"
EndProject
Project("{2150E333-8FDC-42A3-9474-1A3956D46DE8}") = "Domain", "Domain", "{039744B2-F7A5-425E-ACE8-F13E4B89BD6D}"
EndProject
Project("{2150E333-8FDC-42A3-9474-1A3956D46DE8}") = "Infra.Bus", "Infra.Bus", "{5658B8BB-B033-4582-89F0-9FB9107B4E98}"
EndProject
Project("{2150E333-8FDC-42A3-9474-1A3956D46DE8}") = "Infra.IoC", "Infra.IoC", "{07F2C367-8630-4F57-B418-4934228B1982}"
EndProject
Project("{2150E333-8FDC-42A3-9474-1A3956D46DE8}") = "Presentation", "Presentation", "{7764792C-AC9E-472A-B932-3EE1BD6105BA}"
EndProject
Project("{FAE04EC0-301F-11D3-BF4B-00C04F79EFBC}") = "Microrabbit.Domain.Core", "Microrabbit.Domain.Core\Microrabbit.Domain.Core.csproj", "{F26B0241-A61A-4B09-BF4A-2D779079C222}"
EndProject
Project("{FAE04EC0-301F-11D3-BF4B-00C04F79EFBC}") = "Microrabbit.Infra.Bus", "Microrabbit.Infra.Bus\Microrabbit.Infra.Bus.csproj", "{D2C99C56-6723-4666-9EAB-8C05FB9851EF}"
EndProject
Global
	GlobalSection(SolutionConfigurationPlatforms) = preSolution
		Debug|Any CPU = Debug|Any CPU
		Release|Any CPU = Release|Any CPU
	EndGlobalSection
	GlobalSection(ProjectConfigurationPlatforms) = postSolution
		{F26B0241-A61A-4B09-BF4A-2D779079C222}.Debug|Any CPU.ActiveCfg = Debug|Any CPU
		{F26B0241-A61A-4B09-BF4A-2D779079C222}.Debug|Any CPU.Build.0 = Debug|Any CPU
		{F26B0241-A61A-4B09-BF4A-2D779079C222}.Release|Any CPU.ActiveCfg = Release|Any CPU
		{F26B0241-A61A-4B09-BF4A-2D779079C222}.Release|Any CPU.Build.0 = Release|Any CPU
		{D2C99C56-6723-4666-9EAB-8C05FB9851EF}.Debug|Any CPU.ActiveCfg = Debug|Any CPU
		{D2C99C56-6723-4666-9EAB-8C05FB9851EF}.Debug|Any CPU.Build.0 = Debug|Any CPU
		{D2C99C56-6723-4666-9EAB-8C05FB9851EF}.Release|Any CPU.ActiveCfg = Release|Any CPU
		{D2C99C56-6723-4666-9EAB-8C05FB9851EF}.Release|Any CPU.Build.0 = Release|Any CPU
	EndGlobalSection
	GlobalSection(SolutionProperties) = preSolution
		HideSolutionNode = FALSE
	EndGlobalSection
	GlobalSection(NestedProjects) = preSolution
		{F26B0241-A61A-4B09-BF4A-2D779079C222} = {039744B2-F7A5-425E-ACE8-F13E4B89BD6D}
		{D2C99C56-6723-4666-9EAB-8C05FB9851EF} = {5658B8BB-B033-4582-89F0-9FB9107B4E98}
	EndGlobalSection
	GlobalSection(ExtensibilityGlobals) = postSolution
		SolutionGuid = {C86310F6-1882-4472-8BBD-41CF20DFD893}
	EndGlobalSection
EndGlobal
